# THIS IS AN AUTOGENERATED FILE. DO NOT EDIT THIS FILE DIRECTLY.
# yarn lockfile v1


"@tanstack/query-core@5.54.1":
  version "5.54.1"
  resolved "https://registry.yarnpkg.com/@tanstack/query-core/-/query-core-5.54.1.tgz#8d6c5e6691dd023f9181d69f7f9d790f52f1bdda"
  integrity sha512-hKS+WRpT5zBFip21pB6Jx1C0hranWQrbv5EJ7qPoiV5MYI3C8rTCqWC9DdBseiPT1JgQWh8Y55YthuYZNiw3Xw==

"@tanstack/react-query@^5.54.1":
  version "5.54.1"
  resolved "https://registry.yarnpkg.com/@tanstack/react-query/-/react-query-5.54.1.tgz#55d9d9b290362160008bf5d5d7dedd485afbfc5e"
  integrity sha512-SuMi4JBYv49UtmiRyqjxY7XAnE1qwLht9nlkC8sioxFXz5Uzj30lepiKf2mYXuXfC7fHYjTrAPkNx+427pRHXA==
  dependencies:
    "@tanstack/query-core" "5.54.1"
